// !$*UTF8*$!
{
	archiveVersion = 1;
	classes = {
	};
	objectVersion = 46;
	objects = {

/* Begin PBXBuildFile section */
		70B18D771A84922C00C45360 /* main.m in Sources */ = {isa = PBXBuildFile; fileRef = 70B18D761A84922C00C45360 /* main.m */; };
		70B18D7A1A84922C00C45360 /* AppDelegate.m in Sources */ = {isa = PBXBuildFile; fileRef = 70B18D791A84922C00C45360 /* AppDelegate.m */; };
		70B18D7D1A84922C00C45360 /* ViewController.m in Sources */ = {isa = PBXBuildFile; fileRef = 70B18D7C1A84922C00C45360 /* ViewController.m */; };
		70B18D801A84922C00C45360 /* Main.storyboard in Resources */ = {isa = PBXBuildFile; fileRef = 70B18D7E1A84922C00C45360 /* Main.storyboard */; };
		70B18D821A84922C00C45360 /* Images.xcassets in Resources */ = {isa = PBXBuildFile; fileRef = 70B18D811A84922C00C45360 /* Images.xcassets */; };
		70B18D851A84922C00C45360 /* LaunchScreen.xib in Resources */ = {isa = PBXBuildFile; fileRef = 70B18D831A84922C00C45360 /* LaunchScreen.xib */; };
		70B18D911A84922C00C45360 /* TableViewDemoTests.m in Sources */ = {isa = PBXBuildFile; fileRef = 70B18D901A84922C00C45360 /* TableViewDemoTests.m */; };
		70B18D9C1A84925900C45360 /* TableViewController.m in Sources */ = {isa = PBXBuildFile; fileRef = 70B18D9B1A84925900C45360 /* TableViewController.m */; };
		70FF9DCE1A88AF05001F49F5 /* HLRefresgControlIcon.png in Resources */ = {isa = PBXBuildFile; fileRef = 70FF9DCC1A88AF05001F49F5 /* HLRefresgControlIcon.png */; };
		70FF9DCF1A88AF05001F49F5 /* HLRefresgControlIcon@2x.png in Resources */ = {isa = PBXBuildFile; fileRef = 70FF9DCD1A88AF05001F49F5 /* HLRefresgControlIcon@2x.png */; };
/* End PBXBuildFile section */

/* Begin PBXContainerItemProxy section */
		70B18D8B1A84922C00C45360 /* PBXContainerItemProxy */ = {
			isa = PBXContainerItemProxy;
			containerPortal = 70B18D691A84922C00C45360 /* Project object */;
			proxyType = 1;
			remoteGlobalIDString = 70B18D701A84922C00C45360;
			remoteInfo = TableViewDemo;
		};
/* End PBXContainerItemProxy section */

/* Begin PBXFileReference section */
		70B18D711A84922C00C45360 /* TableViewDemo.app */ = {isa = PBXFileReference; explicitFileType = wrapper.application; includeInIndex = 0; path = TableViewDemo.app; sourceTree = BUILT_PRODUCTS_DIR; };
		70B18D751A84922C00C45360 /* Info.plist */ = {isa = PBXFileReference; lastKnownFileType = text.plist.xml; path = Info.plist; sourceTree = "<group>"; };
		70B18D761A84922C00C45360 /* main.m */ = {isa = PBXFileReference; lastKnownFileType = sourcecode.c.objc; path = main.m; sourceTree = "<group>"; };
		70B18D781A84922C00C45360 /* AppDelegate.h */ = {isa = PBXFileReference; lastKnownFileType = sourcecode.c.h; path = AppDelegate.h; sourceTree = "<group>"; };
		70B18D791A84922C00C45360 /* AppDelegate.m */ = {isa = PBXFileReference; lastKnownFileType = sourcecode.c.objc; path = AppDelegate.m; sourceTree = "<group>"; };
		70B18D7B1A84922C00C45360 /* ViewController.h */ = {isa = PBXFileReference; lastKnownFileType = sourcecode.c.h; path = ViewController.h; sourceTree = "<group>"; };
		70B18D7C1A84922C00C45360 /* ViewController.m */ = {isa = PBXFileReference; lastKnownFileType = sourcecode.c.objc; path = ViewController.m; sourceTree = "<group>"; };
		70B18D7F1A84922C00C45360 /* Base */ = {isa = PBXFileReference; lastKnownFileType = file.storyboard; name = Base; path = Base.lproj/Main.storyboard; sourceTree = "<group>"; };
		70B18D811A84922C00C45360 /* Images.xcassets */ = {isa = PBXFileReference; lastKnownFileType = folder.assetcatalog; path = Images.xcassets; sourceTree = "<group>"; };
		70B18D841A84922C00C45360 /* Base */ = {isa = PBXFileReference; lastKnownFileType = file.xib; name = Base; path = Base.lproj/LaunchScreen.xib; sourceTree = "<group>"; };
		70B18D8A1A84922C00C45360 /* TableViewDemoTests.xctest */ = {isa = PBXFileReference; explicitFileType = wrapper.cfbundle; includeInIndex = 0; path = TableViewDemoTests.xctest; sourceTree = BUILT_PRODUCTS_DIR; };
		70B18D8F1A84922C00C45360 /* Info.plist */ = {isa = PBXFileReference; lastKnownFileType = text.plist.xml; path = Info.plist; sourceTree = "<group>"; };
		70B18D901A84922C00C45360 /* TableViewDemoTests.m */ = {isa = PBXFileReference; lastKnownFileType = sourcecode.c.objc; path = TableViewDemoTests.m; sourceTree = "<group>"; };
		70B18D9A1A84925900C45360 /* TableViewController.h */ = {isa = PBXFileReference; fileEncoding = 4; lastKnownFileType = sourcecode.c.h; path = TableViewController.h; sourceTree = "<group>"; };
		70B18D9B1A84925900C45360 /* TableViewController.m */ = {isa = PBXFileReference; fileEncoding = 4; lastKnownFileType = sourcecode.c.objc; path = TableViewController.m; sourceTree = "<group>"; };
		70FF9DCC1A88AF05001F49F5 /* HLRefresgControlIcon.png */ = {isa = PBXFileReference; lastKnownFileType = image.png; path = HLRefresgControlIcon.png; sourceTree = "<group>"; };
		70FF9DCD1A88AF05001F49F5 /* HLRefresgControlIcon@2x.png */ = {isa = PBXFileReference; lastKnownFileType = image.png; path = "HLRefresgControlIcon@2x.png"; sourceTree = "<group>"; };
/* End PBXFileReference section */

/* Begin PBXFrameworksBuildPhase section */
		70B18D6E1A84922C00C45360 /* Frameworks */ = {
			isa = PBXFrameworksBuildPhase;
			buildActionMask = 2147483647;
			files = (
			);
			runOnlyForDeploymentPostprocessing = 0;
		};
		70B18D871A84922C00C45360 /* Frameworks */ = {
			isa = PBXFrameworksBuildPhase;
			buildActionMask = 2147483647;
			files = (
			);
			runOnlyForDeploymentPostprocessing = 0;
		};
/* End PBXFrameworksBuildPhase section */

/* Begin PBXGroup section */
		70B18D681A84922C00C45360 = {
			isa = PBXGroup;
			children = (
				70B18D731A84922C00C45360 /* TableViewDemo */,
				70B18D8D1A84922C00C45360 /* TableViewDemoTests */,
				70B18D721A84922C00C45360 /* Products */,
			);
			sourceTree = "<group>";
		};
		70B18D721A84922C00C45360 /* Products */ = {
			isa = PBXGroup;
			children = (
				70B18D711A84922C00C45360 /* TableViewDemo.app */,
				70B18D8A1A84922C00C45360 /* TableViewDemoTests.xctest */,
			);
			name = Products;
			sourceTree = "<group>";
		};
		70B18D731A84922C00C45360 /* TableViewDemo */ = {
			isa = PBXGroup;
			children = (
				70FF9DA61A88A19C001F49F5 /* HLRefreshControl */,
				70B18D781A84922C00C45360 /* AppDelegate.h */,
				70B18D791A84922C00C45360 /* AppDelegate.m */,
				70B18D7B1A84922C00C45360 /* ViewController.h */,
				70B18D7C1A84922C00C45360 /* ViewController.m */,
				70B18D7E1A84922C00C45360 /* Main.storyboard */,
				70B18D811A84922C00C45360 /* Images.xcassets */,
				70B18D831A84922C00C45360 /* LaunchScreen.xib */,
				70B18D741A84922C00C45360 /* Supporting Files */,
				70B18D9A1A84925900C45360 /* TableViewController.h */,
				70B18D9B1A84925900C45360 /* TableViewController.m */,
			);
			path = TableViewDemo;
			sourceTree = "<group>";
		};
		70B18D741A84922C00C45360 /* Supporting Files */ = {
			isa = PBXGroup;
			children = (
				70B18D751A84922C00C45360 /* Info.plist */,
				70B18D761A84922C00C45360 /* main.m */,
			);
			name = "Supporting Files";
			sourceTree = "<group>";
		};
		70B18D8D1A84922C00C45360 /* TableViewDemoTests */ = {
			isa = PBXGroup;
			children = (
				70B18D901A84922C00C45360 /* TableViewDemoTests.m */,
				70B18D8E1A84922C00C45360 /* Supporting Files */,
			);
			path = TableViewDemoTests;
			sourceTree = "<group>";
		};
		70B18D8E1A84922C00C45360 /* Supporting Files */ = {
			isa = PBXGroup;
			children = (
				70B18D8F1A84922C00C45360 /* Info.plist */,
			);
			name = "Supporting Files";
			sourceTree = "<group>";
		};
		70FF9DA61A88A19C001F49F5 /* HLRefreshControl */ = {
			isa = PBXGroup;
			children = (
				70FF9DCB1A88AF05001F49F5 /* Images */,
			);
			path = HLRefreshControl;
			sourceTree = "<group>";
		};
		70FF9DCB1A88AF05001F49F5 /* Images */ = {
			isa = PBXGroup;
			children = (
				70FF9DCC1A88AF05001F49F5 /* HLRefresgControlIcon.png */,
				70FF9DCD1A88AF05001F49F5 /* HLRefresgControlIcon@2x.png */,
			);
			path = Images;
			sourceTree = "<group>";
		};
/* End PBXGroup section */

/* Begin PBXNativeTarget section */
		70B18D701A84922C00C45360 /* TableViewDemo */ = {
			isa = PBXNativeTarget;
			buildConfigurationList = 70B18D941A84922C00C45360 /* Build configuration list for PBXNativeTarget "TableViewDemo" */;
			buildPhases = (
				70B18D6D1A84922C00C45360 /* Sources */,
				70B18D6E1A84922C00C45360 /* Frameworks */,
				70B18D6F1A84922C00C45360 /* Resources */,
			);
			buildRules = (
			);
			dependencies = (
			);
			name = TableViewDemo;
			productName = TableViewDemo;
			productReference = 70B18D711A84922C00C45360 /* TableViewDemo.app */;
			productType = "com.apple.product-type.application";
		};
		70B18D891A84922C00C45360 /* TableViewDemoTests */ = {
			isa = PBXNativeTarget;
			buildConfigurationList = 70B18D971A84922C00C45360 /* Build configuration list for PBXNativeTarget "TableViewDemoTests" */;
			buildPhases = (
				70B18D861A84922C00C45360 /* Sources */,
				70B18D871A84922C00C45360 /* Frameworks */,
				70B18D881A84922C00C45360 /* Resources */,
			);
			buildRules = (
			);
			dependencies = (
				70B18D8C1A84922C00C45360 /* PBXTargetDependency */,
			);
			name = TableViewDemoTests;
			productName = TableViewDemoTests;
			productReference = 70B18D8A1A84922C00C45360 /* TableViewDemoTests.xctest */;
			productType = "com.apple.product-type.bundle.unit-test";
		};
/* End PBXNativeTarget section */

/* Begin PBXProject section */
		70B18D691A84922C00C45360 /* Project object */ = {
			isa = PBXProject;
			attributes = {
				LastUpgradeCheck = 0610;
				ORGANIZATIONNAME = com.whl.test;
				TargetAttributes = {
					70B18D701A84922C00C45360 = {
						CreatedOnToolsVersion = 6.1.1;
					};
					70B18D891A84922C00C45360 = {
						CreatedOnToolsVersion = 6.1.1;
						TestTargetID = 70B18D701A84922C00C45360;
					};
				};
			};
			buildConfigurationList = 70B18D6C1A84922C00C45360 /* Build configuration list for PBXProject "TableViewDemo" */;
			compatibilityVersion = "Xcode 3.2";
			developmentRegion = English;
			hasScannedForEncodings = 0;
			knownRegions = (
				en,
				Base,
			);
			mainGroup = 70B18D681A84922C00C45360;
			productRefGroup = 70B18D721A84922C00C45360 /* Products */;
			projectDirPath = "";
			projectRoot = "";
			targets = (
				70B18D701A84922C00C45360 /* TableViewDemo */,
				70B18D891A84922C00C45360 /* TableViewDemoTests */,
			);
		};
/* End PBXProject section */

/* Begin PBXResourcesBuildPhase section */
		70B18D6F1A84922C00C45360 /* Resources */ = {
			isa = PBXResourcesBuildPhase;
			buildActionMask = 2147483647;
			files = (
				70B18D801A84922C00C45360 /* Main.storyboard in Resources */,
				70B18D851A84922C00C45360 /* LaunchScreen.xib in Resources */,
				70B18D821A84922C00C45360 /* Images.xcassets in Resources */,
				70FF9DCE1A88AF05001F49F5 /* HLRefresgControlIcon.png in Resources */,
				70FF9DCF1A88AF05001F49F5 /* HLRefresgControlIcon@2x.png in Resources */,
			);
			runOnlyForDeploymentPostprocessing = 0;
		};
		70B18D881A84922C00C45360 /* Resources */ = {
			isa = PBXResourcesBuildPhase;
			buildActionMask = 2147483647;
			files = (
			);
			runOnlyForDeploymentPostprocessing = 0;
		};
/* End PBXResourcesBuildPhase section */

/* Begin PBXSourcesBuildPhase section */
		70B18D6D1A84922C00C45360 /* Sources */ = {
			isa = PBXSourcesBuildPhase;
			buildActionMask = 2147483647;
			files = (
				70B18D7D1A84922C00C45360 /* ViewController.m in Sources */,
				70B18D7A1A84922C00C45360 /* AppDelegate.m in Sources */,
				70B18D771A84922C00C45360 /* main.m in Sources */,
				70B18D9C1A84925900C45360 /* TableViewController.m in Sources */,
			);
			runOnlyForDeploymentPostprocessing = 0;
		};
		70B18D861A84922C00C45360 /* Sources */ = {
			isa = PBXSourcesBuildPhase;
			buildActionMask = 2147483647;
			files = (
				70B18D911A84922C00C45360 /* TableViewDemoTests.m in Sources */,
			);
			runOnlyForDeploymentPostprocessing = 0;
		};
/* End PBXSourcesBuildPhase section */

/* Begin PBXTargetDependency section */
		70B18D8C1A84922C00C45360 /* PBXTargetDependency */ = {
			isa = PBXTargetDependency;
			target = 70B18D701A84922C00C45360 /* TableViewDemo */;
			targetProxy = 70B18D8B1A84922C00C45360 /* PBXContainerItemProxy */;
		};
/* End PBXTargetDependency section */

/* Begin PBXVariantGroup section */
		70B18D7E1A84922C00C45360 /* Main.storyboard */ = {
			isa = PBXVariantGroup;
			children = (
				70B18D7F1A84922C00C45360 /* Base */,
			);
			name = Main.storyboard;
			sourceTree = "<group>";
		};
		70B18D831A84922C00C45360 /* LaunchScreen.xib */ = {
			isa = PBXVariantGroup;
			children = (
				70B18D841A84922C00C45360 /* Base */,
			);
			name = LaunchScreen.xib;
			sourceTree = "<group>";
		};
/* End PBXVariantGroup section */

/* Begin XCBuildConfiguration section */
		70B18D921A84922C00C45360 /* Debug */ = {
			isa = XCBuildConfiguration;
			buildSettings = {
				ALWAYS_SEARCH_USER_PATHS = NO;
				CLANG_CXX_LANGUAGE_STANDARD = "gnu++0x";
				CLANG_CXX_LIBRARY = "libc++";
				CLANG_ENABLE_MODULES = YES;
				CLANG_ENABLE_OBJC_ARC = YES;
				CLANG_WARN_BOOL_CONVERSION = YES;
				CLANG_WARN_CONSTANT_CONVERSION = YES;
				CLANG_WARN_DIRECT_OBJC_ISA_USAGE = YES_ERROR;
				CLANG_WARN_EMPTY_BODY = YES;
				CLANG_WARN_ENUM_CONVERSION = YES;
				CLANG_WARN_INT_CONVERSION = YES;
				CLANG_WARN_OBJC_ROOT_CLASS = YES_ERROR;
				CLANG_WARN_UNREACHABLE_CODE = YES;
				CLANG_WARN__DUPLICATE_METHOD_MATCH = YES;
				"CODE_SIGN_IDENTITY[sdk=iphoneos*]" = "iPhone Developer";
				COPY_PHASE_STRIP = NO;
				ENABLE_STRICT_OBJC_MSGSEND = YES;
				GCC_C_LANGUAGE_STANDARD = gnu99;
				GCC_DYNAMIC_NO_PIC = NO;
				GCC_OPTIMIZATION_LEVEL = 0;
				GCC_PREPROCESSOR_DEFINITIONS = (
					"DEBUG=1",
					"$(inherited)",
				);
				GCC_SYMBOLS_PRIVATE_EXTERN = NO;
				GCC_WARN_64_TO_32_BIT_CONVERSION = YES;
				GCC_WARN_ABOUT_RETURN_TYPE = YES_ERROR;
				GCC_WARN_UNDECLARED_SELECTOR = YES;
				GCC_WARN_UNINITIALIZED_AUTOS = YES_AGGRESSIVE;
				GCC_WARN_UNUSED_FUNCTION = YES;
				GCC_WARN_UNUSED_VARIABLE = YES;
				IPHONEOS_DEPLOYMENT_TARGET = 8.1;
				MTL_ENABLE_DEBUG_INFO = YES;
				ONLY_ACTIVE_ARCH = YES;
				SDKROOT = iphoneos;
			};
			name = Debug;
		};
		70B18D931A84922C00C45360 /* Release */ = {
			isa = XCBuildConfiguration;
			buildSettings = {
				ALWAYS_SEARCH_USER_PATHS = NO;
				CLANG_CXX_LANGUAGE_STANDARD = "gnu++0x";
				CLANG_CXX_LIBRARY = "libc++";
				CLANG_ENABLE_MODULES = YES;
				CLANG_ENABLE_OBJC_ARC = YES;
				CLANG_WARN_BOOL_CONVERSION = YES;
				CLANG_WARN_CONSTANT_CONVERSION = YES;
				CLANG_WARN_DIRECT_OBJC_ISA_USAGE = YES_ERROR;
				CLANG_WARN_EMPTY_BODY = YES;
				CLANG_WARN_ENUM_CONVERSION = YES;
				CLANG_WARN_INT_CONVERSION = YES;
				CLANG_WARN_OBJC_ROOT_CLASS = YES_ERROR;
				CLANG_WARN_UNREACHABLE_CODE = YES;
				CLANG_WARN__DUPLICATE_METHOD_MATCH = YES;
				"CODE_SIGN_IDENTITY[sdk=iphoneos*]" = "iPhone Developer";
				COPY_PHASE_STRIP = YES;
				ENABLE_NS_ASSERTIONS = NO;
				ENABLE_STRICT_OBJC_MSGSEND = YES;
				GCC_C_LANGUAGE_STANDARD = gnu99;
				GCC_WARN_64_TO_32_BIT_CONVERSION = YES;
				GCC_WARN_ABOUT_RETURN_TYPE = YES_ERROR;
				GCC_WARN_UNDECLARED_SELECTOR = YES;
				GCC_WARN_UNINITIALIZED_AUTOS = YES_AGGRESSIVE;
				GCC_WARN_UNUSED_FUNCTION = YES;
				GCC_WARN_UNUSED_VARIABLE = YES;
				IPHONEOS_DEPLOYMENT_TARGET = 8.1;
				MTL_ENABLE_DEBUG_INFO = NO;
				SDKROOT = iphoneos;
				VALIDATE_PRODUCT = YES;
			};
			name = Release;
		};
		70B18D951A84922C00C45360 /* Debug */ = {
			isa = XCBuildConfiguration;
			buildSettings = {
				ASSETCATALOG_COMPILER_APPICON_NAME = AppIcon;
				ASSETCATALOG_COMPILER_LAUNCHIMAGE_NAME = LaunchImage;
				INFOPLIST_FILE = TableViewDemo/Info.plist;
				IPHONEOS_DEPLOYMENT_TARGET = 7.0;
				LD_RUNPATH_SEARCH_PATHS = "$(inherited) @executable_path/Frameworks";
				PRODUCT_NAME = "$(TARGET_NAME)";
			};
			name = Debug;
		};
		70B18D961A84922C00C45360 /* Release */ = {
			isa = XCBuildConfiguration;
			buildSettings = {
				ASSETCATALOG_COMPILER_APPICON_NAME = AppIcon;
				ASSETCATALOG_COMPILER_LAUNCHIMAGE_NAME = LaunchImage;
				INFOPLIST_FILE = TableViewDemo/Info.plist;
				IPHONEOS_DEPLOYMENT_TARGET = 7.0;
				LD_RUNPATH_SEARCH_PATHS = "$(inherited) @executable_path/Frameworks";
				PRODUCT_NAME = "$(TARGET_NAME)";
			};
			name = Release;
		};
		70B18D981A84922C00C45360 /* Debug */ = {
			isa = XCBuildConfiguration;
			buildSettings = {
				BUNDLE_LOADER = "$(TEST_HOST)";
				FRAMEWORK_SEARCH_PATHS = (
					"$(SDKROOT)/Developer/Library/Frameworks",
					"$(inherited)",
				);
				GCC_PREPROCESSOR_DEFINITIONS = (
					"DEBUG=1",
					"$(inherited)",
				);
				INFOPLIST_FILE = TableViewDemoTests/Info.plist;
				LD_RUNPATH_SEARCH_PATHS = "$(inherited) @executable_path/Frameworks @loader_path/Frameworks";
				PRODUCT_NAME = "$(TARGET_NAME)";
				TEST_HOST = "$(BUILT_PRODUCTS_DIR)/TableViewDemo.app/TableViewDemo";
			};
			name = Debug;
		};
		70B18D991A84922C00C45360 /* Release */ = {
			isa = XCBuildConfiguration;
			buildSettings = {
				BUNDLE_LOADER = "$(TEST_HOST)";
				FRAMEWORK_SEARCH_PATHS = (
					"$(SDKROOT)/Developer/Library/Frameworks",
					"$(inherited)",
				);
				INFOPLIST_FILE = TableViewDemoTests/Info.plist;
				LD_RUNPATH_SEARCH_PATHS = "$(inherited) @executable_path/Frameworks @loader_path/Frameworks";
				PRODUCT_NAME = "$(TARGET_NAME)";
				TEST_HOST = "$(BUILT_PRODUCTS_DIR)/TableViewDemo.app/TableViewDemo";
			};
			name = Release;
		};
/* End XCBuildConfiguration section */

/* Begin XCConfigurationList section */
		70B18D6C1A84922C00C45360 /* Build configuration list for PBXProject "TableViewDemo" */ = {
			isa = XCConfigurationList;
			buildConfigurations = (
				70B18D921A84922C00C45360 /* Debug */,
				70B18D931A84922C00C45360 /* Release */,
			);
			defaultConfigurationIsVisible = 0;
			defaultConfigurationName = Release;
		};
		70B18D941A84922C00C45360 /* Build configuration list for PBXNativeTarget "TableViewDemo" */ = {
			isa = XCConfigurationList;
			buildConfigurations = (
				70B18D951A84922C00C45360 /* Debug */,
				70B18D961A84922C00C45360 /* Release */,
			);
			defaultConfigurationIsVisible = 0;
			defaultConfigurationName = Release;
		};
		70B18D971A84922C00C45360 /* Build configuration list for PBXNativeTarget "TableViewDemoTests" */ = {
			isa = XCConfigurationList;
			buildConfigurations = (
				70B18D981A84922C00C45360 /* Debug */,
				70B18D991A84922C00C45360 /* Release */,
			);
			defaultConfigurationIsVisible = 0;
			defaultConfigurationName = Release;
		};
/* End XCConfigurationList section */
	};
	rootObject = 70B18D691A84922C00C45360 /* Project object */;
}
